// !$*UTF8*$!
{
	archiveVersion = 1;
	classes = {
	};
	objectVersion = 50;
	objects = {

/* Begin PBXBuildFile section */
		BE078720278C45EA00249A40 /* BoardGameConstructor.swift in Sources */ = {isa = PBXBuildFile; fileRef = BE07871F278C45EA00249A40 /* BoardGameConstructor.swift */; };
		BE55EE04278BBEBA003406BE /* BoardGameView.swift in Sources */ = {isa = PBXBuildFile; fileRef = BE55EE03278BBEBA003406BE /* BoardGameView.swift */; };
		BE55EE06278BC7E2003406BE /* StartButtonView.swift in Sources */ = {isa = PBXBuildFile; fileRef = BE55EE05278BC7E2003406BE /* StartButtonView.swift */; };
		BE7CC45F271E6DDC003C6280 /* AppDelegate.swift in Sources */ = {isa = PBXBuildFile; fileRef = BE7CC45E271E6DDC003C6280 /* AppDelegate.swift */; };
		BE7CC461271E6DDC003C6280 /* SceneDelegate.swift in Sources */ = {isa = PBXBuildFile; fileRef = BE7CC460271E6DDC003C6280 /* SceneDelegate.swift */; };
		BE7CC466271E6DDC003C6280 /* Main.storyboard in Resources */ = {isa = PBXBuildFile; fileRef = BE7CC464271E6DDC003C6280 /* Main.storyboard */; };
		BE7CC468271E6DDE003C6280 /* Assets.xcassets in Resources */ = {isa = PBXBuildFile; fileRef = BE7CC467271E6DDE003C6280 /* Assets.xcassets */; };
		BE7CC46B271E6DDE003C6280 /* LaunchScreen.storyboard in Resources */ = {isa = PBXBuildFile; fileRef = BE7CC469271E6DDE003C6280 /* LaunchScreen.storyboard */; };
		BE819DAF2726CA7000F13A39 /* Shapes.swift in Sources */ = {isa = PBXBuildFile; fileRef = BE819DAE2726CA7000F13A39 /* Shapes.swift */; };
		BE819DB12726CA7F00F13A39 /* CardView.swift in Sources */ = {isa = PBXBuildFile; fileRef = BE819DB02726CA7F00F13A39 /* CardView.swift */; };
		BE819DB52726CCA300F13A39 /* BoardGameController.swift in Sources */ = {isa = PBXBuildFile; fileRef = BE819DB42726CCA300F13A39 /* BoardGameController.swift */; };
		BE819DB82726CF6800F13A39 /* Card.swift in Sources */ = {isa = PBXBuildFile; fileRef = BE819DB72726CF6800F13A39 /* Card.swift */; };
		BE819DBA2726D0F600F13A39 /* Game.swift in Sources */ = {isa = PBXBuildFile; fileRef = BE819DB92726D0F600F13A39 /* Game.swift */; };
		BEAC1728272BCAA60097F153 /* CardViewFactory.swift in Sources */ = {isa = PBXBuildFile; fileRef = BEAC1727272BCAA60097F153 /* CardViewFactory.swift */; };
/* End PBXBuildFile section */

/* Begin PBXContainerItemProxy section */
		BE6F86DB27B1C9F3008D91EC /* PBXContainerItemProxy */ = {
			isa = PBXContainerItemProxy;
			containerPortal = BE7CC453271E6DDC003C6280 /* Project object */;
			proxyType = 1;
			remoteGlobalIDString = BE7CC45A271E6DDC003C6280;
			remoteInfo = Cards;
		};
/* End PBXContainerItemProxy section */

/* Begin PBXFileReference section */
		BE07871F278C45EA00249A40 /* BoardGameConstructor.swift */ = {isa = PBXFileReference; lastKnownFileType = sourcecode.swift; path = BoardGameConstructor.swift; sourceTree = "<group>"; };
		BE55EE03278BBEBA003406BE /* BoardGameView.swift */ = {isa = PBXFileReference; lastKnownFileType = sourcecode.swift; path = BoardGameView.swift; sourceTree = "<group>"; };
		BE55EE05278BC7E2003406BE /* StartButtonView.swift */ = {isa = PBXFileReference; lastKnownFileType = sourcecode.swift; path = StartButtonView.swift; sourceTree = "<group>"; };
		BE6F86D727B1C9F3008D91EC /* CardsTests.xctest */ = {isa = PBXFileReference; explicitFileType = wrapper.cfbundle; includeInIndex = 0; path = CardsTests.xctest; sourceTree = BUILT_PRODUCTS_DIR; };
		BE7CC45B271E6DDC003C6280 /* Cards.app */ = {isa = PBXFileReference; explicitFileType = wrapper.application; includeInIndex = 0; path = Cards.app; sourceTree = BUILT_PRODUCTS_DIR; };
		BE7CC45E271E6DDC003C6280 /* AppDelegate.swift */ = {isa = PBXFileReference; lastKnownFileType = sourcecode.swift; path = AppDelegate.swift; sourceTree = "<group>"; };
		BE7CC460271E6DDC003C6280 /* SceneDelegate.swift */ = {isa = PBXFileReference; lastKnownFileType = sourcecode.swift; path = SceneDelegate.swift; sourceTree = "<group>"; };
		BE7CC465271E6DDC003C6280 /* Base */ = {isa = PBXFileReference; lastKnownFileType = file.storyboard; name = Base; path = Base.lproj/Main.storyboard; sourceTree = "<group>"; };
		BE7CC467271E6DDE003C6280 /* Assets.xcassets */ = {isa = PBXFileReference; lastKnownFileType = folder.assetcatalog; path = Assets.xcassets; sourceTree = "<group>"; };
		BE7CC46A271E6DDE003C6280 /* Base */ = {isa = PBXFileReference; lastKnownFileType = file.storyboard; name = Base; path = Base.lproj/LaunchScreen.storyboard; sourceTree = "<group>"; };
		BE7CC46C271E6DDE003C6280 /* Info.plist */ = {isa = PBXFileReference; lastKnownFileType = text.plist.xml; path = Info.plist; sourceTree = "<group>"; };
		BE819DAE2726CA7000F13A39 /* Shapes.swift */ = {isa = PBXFileReference; lastKnownFileType = sourcecode.swift; path = Shapes.swift; sourceTree = "<group>"; };
		BE819DB02726CA7F00F13A39 /* CardView.swift */ = {isa = PBXFileReference; lastKnownFileType = sourcecode.swift; path = CardView.swift; sourceTree = "<group>"; };
		BE819DB42726CCA300F13A39 /* BoardGameController.swift */ = {isa = PBXFileReference; lastKnownFileType = sourcecode.swift; path = BoardGameController.swift; sourceTree = "<group>"; };
		BE819DB72726CF6800F13A39 /* Card.swift */ = {isa = PBXFileReference; lastKnownFileType = sourcecode.swift; path = Card.swift; sourceTree = "<group>"; };
		BE819DB92726D0F600F13A39 /* Game.swift */ = {isa = PBXFileReference; lastKnownFileType = sourcecode.swift; path = Game.swift; sourceTree = "<group>"; };
		BEAC1727272BCAA60097F153 /* CardViewFactory.swift */ = {isa = PBXFileReference; lastKnownFileType = sourcecode.swift; path = CardViewFactory.swift; sourceTree = "<group>"; };
/* End PBXFileReference section */

/* Begin PBXFrameworksBuildPhase section */
		BE6F86D427B1C9F3008D91EC /* Frameworks */ = {
			isa = PBXFrameworksBuildPhase;
			buildActionMask = 2147483647;
			files = (
			);
			runOnlyForDeploymentPostprocessing = 0;
		};
		BE7CC458271E6DDC003C6280 /* Frameworks */ = {
			isa = PBXFrameworksBuildPhase;
			buildActionMask = 2147483647;
			files = (
			);
			runOnlyForDeploymentPostprocessing = 0;
		};
/* End PBXFrameworksBuildPhase section */

/* Begin PBXGroup section */
		BE2726E127B357C30049ED21 /* Resources */ = {
			isa = PBXGroup;
			children = (
				BE2726E227B357E60049ED21 /* Assets */,
				BE7CC46C271E6DDE003C6280 /* Info.plist */,
			);
			path = Resources;
			sourceTree = "<group>";
		};
		BE2726E227B357E60049ED21 /* Assets */ = {
			isa = PBXGroup;
			children = (
				BE7CC467271E6DDE003C6280 /* Assets.xcassets */,
			);
			path = Assets;
			sourceTree = "<group>";
		};
		BE2726E427B359820049ED21 /* Components */ = {
			isa = PBXGroup;
			children = (
				BE7CC460271E6DDC003C6280 /* SceneDelegate.swift */,
				BE7CC45E271E6DDC003C6280 /* AppDelegate.swift */,
			);
			path = Components;
			sourceTree = "<group>";
		};
		BE7CC452271E6DDC003C6280 = {
			isa = PBXGroup;
			children = (
				BE7CC45D271E6DDC003C6280 /* Cards */,
				BE7CC45C271E6DDC003C6280 /* Products */,
			);
			sourceTree = "<group>";
		};
		BE7CC45C271E6DDC003C6280 /* Products */ = {
			isa = PBXGroup;
			children = (
				BE7CC45B271E6DDC003C6280 /* Cards.app */,
				BE6F86D727B1C9F3008D91EC /* CardsTests.xctest */,
			);
			name = Products;
			sourceTree = "<group>";
		};
		BE7CC45D271E6DDC003C6280 /* Cards */ = {
			isa = PBXGroup;
			children = (
				BE2726E427B359820049ED21 /* Components */,
				BE2726E127B357C30049ED21 /* Resources */,
				BEAC1726272BCA8A0097F153 /* Helpers */,
				BE819DB62726CD0B00F13A39 /* Model */,
				BE819DB32726CC6500F13A39 /* Controller */,
				BE819DAD2726CA1C00F13A39 /* View */,
			);
			path = Cards;
			sourceTree = "<group>";
		};
		BE819DAD2726CA1C00F13A39 /* View */ = {
			isa = PBXGroup;
			children = (
				BE819DAE2726CA7000F13A39 /* Shapes.swift */,
				BE819DB02726CA7F00F13A39 /* CardView.swift */,
				BE55EE03278BBEBA003406BE /* BoardGameView.swift */,
				BE55EE05278BC7E2003406BE /* StartButtonView.swift */,
				BE819DB22726CBEB00F13A39 /* Storyboards */,
			);
			path = View;
			sourceTree = "<group>";
		};
		BE819DB22726CBEB00F13A39 /* Storyboards */ = {
			isa = PBXGroup;
			children = (
				BE7CC464271E6DDC003C6280 /* Main.storyboard */,
				BE7CC469271E6DDE003C6280 /* LaunchScreen.storyboard */,
			);
			path = Storyboards;
			sourceTree = "<group>";
		};
		BE819DB32726CC6500F13A39 /* Controller */ = {
			isa = PBXGroup;
			children = (
				BE819DB42726CCA300F13A39 /* BoardGameController.swift */,
			);
			path = Controller;
			sourceTree = "<group>";
		};
		BE819DB62726CD0B00F13A39 /* Model */ = {
			isa = PBXGroup;
			children = (
				BE819DB72726CF6800F13A39 /* Card.swift */,
				BE819DB92726D0F600F13A39 /* Game.swift */,
				BE07871F278C45EA00249A40 /* BoardGameConstructor.swift */,
			);
			path = Model;
			sourceTree = "<group>";
		};
		BEAC1726272BCA8A0097F153 /* Helpers */ = {
			isa = PBXGroup;
			children = (
				BEAC1727272BCAA60097F153 /* CardViewFactory.swift */,
			);
			path = Helpers;
			sourceTree = "<group>";
		};
/* End PBXGroup section */

/* Begin PBXNativeTarget section */
		BE6F86D627B1C9F3008D91EC /* CardsTests */ = {
			isa = PBXNativeTarget;
			buildConfigurationList = BE6F86DF27B1C9F3008D91EC /* Build configuration list for PBXNativeTarget "CardsTests" */;
			buildPhases = (
				BE6F86D327B1C9F3008D91EC /* Sources */,
				BE6F86D427B1C9F3008D91EC /* Frameworks */,
				BE6F86D527B1C9F3008D91EC /* Resources */,
			);
			buildRules = (
			);
			dependencies = (
				BE6F86DC27B1C9F3008D91EC /* PBXTargetDependency */,
			);
			name = CardsTests;
			productName = CardsTests;
			productReference = BE6F86D727B1C9F3008D91EC /* CardsTests.xctest */;
			productType = "com.apple.product-type.bundle.unit-test";
		};
		BE7CC45A271E6DDC003C6280 /* Cards */ = {
			isa = PBXNativeTarget;
			buildConfigurationList = BE7CC46F271E6DDE003C6280 /* Build configuration list for PBXNativeTarget "Cards" */;
			buildPhases = (
				BE7CC457271E6DDC003C6280 /* Sources */,
				BE7CC458271E6DDC003C6280 /* Frameworks */,
				BE7CC459271E6DDC003C6280 /* Resources */,
			);
			buildRules = (
			);
			dependencies = (
			);
			name = Cards;
			productName = Cards;
			productReference = BE7CC45B271E6DDC003C6280 /* Cards.app */;
			productType = "com.apple.product-type.application";
		};
/* End PBXNativeTarget section */

/* Begin PBXProject section */
		BE7CC453271E6DDC003C6280 /* Project object */ = {
			isa = PBXProject;
			attributes = {
				LastSwiftUpdateCheck = 1310;
				LastUpgradeCheck = 1250;
				TargetAttributes = {
					BE6F86D627B1C9F3008D91EC = {
						CreatedOnToolsVersion = 13.1;
						TestTargetID = BE7CC45A271E6DDC003C6280;
					};
					BE7CC45A271E6DDC003C6280 = {
						CreatedOnToolsVersion = 12.5.1;
					};
				};
			};
			buildConfigurationList = BE7CC456271E6DDC003C6280 /* Build configuration list for PBXProject "Cards" */;
			compatibilityVersion = "Xcode 9.3";
			developmentRegion = en;
			hasScannedForEncodings = 0;
			knownRegions = (
				en,
				Base,
			);
			mainGroup = BE7CC452271E6DDC003C6280;
			productRefGroup = BE7CC45C271E6DDC003C6280 /* Products */;
			projectDirPath = "";
			projectRoot = "";
			targets = (
				BE7CC45A271E6DDC003C6280 /* Cards */,
				BE6F86D627B1C9F3008D91EC /* CardsTests */,
			);
		};
/* End PBXProject section */

/* Begin PBXResourcesBuildPhase section */
		BE6F86D527B1C9F3008D91EC /* Resources */ = {
			isa = PBXResourcesBuildPhase;
			buildActionMask = 2147483647;
			files = (
			);
			runOnlyForDeploymentPostprocessing = 0;
		};
		BE7CC459271E6DDC003C6280 /* Resources */ = {
			isa = PBXResourcesBuildPhase;
			buildActionMask = 2147483647;
			files = (
				BE7CC46B271E6DDE003C6280 /* LaunchScreen.storyboard in Resources */,
				BE7CC468271E6DDE003C6280 /* Assets.xcassets in Resources */,
				BE7CC466271E6DDC003C6280 /* Main.storyboard in Resources */,
			);
			runOnlyForDeploymentPostprocessing = 0;
		};
/* End PBXResourcesBuildPhase section */

/* Begin PBXSourcesBuildPhase section */
		BE6F86D327B1C9F3008D91EC /* Sources */ = {
			isa = PBXSourcesBuildPhase;
			buildActionMask = 2147483647;
			files = (
			);
			runOnlyForDeploymentPostprocessing = 0;
		};
		BE7CC457271E6DDC003C6280 /* Sources */ = {
			isa = PBXSourcesBuildPhase;
			buildActionMask = 2147483647;
			files = (
				BE819DB52726CCA300F13A39 /* BoardGameController.swift in Sources */,
				BE078720278C45EA00249A40 /* BoardGameConstructor.swift in Sources */,
				BE819DB82726CF6800F13A39 /* Card.swift in Sources */,
				BE819DBA2726D0F600F13A39 /* Game.swift in Sources */,
				BE55EE06278BC7E2003406BE /* StartButtonView.swift in Sources */,
				BE819DB12726CA7F00F13A39 /* CardView.swift in Sources */,
				BE7CC45F271E6DDC003C6280 /* AppDelegate.swift in Sources */,
				BEAC1728272BCAA60097F153 /* CardViewFactory.swift in Sources */,
				BE55EE04278BBEBA003406BE /* BoardGameView.swift in Sources */,
				BE7CC461271E6DDC003C6280 /* SceneDelegate.swift in Sources */,
				BE819DAF2726CA7000F13A39 /* Shapes.swift in Sources */,
			);
			runOnlyForDeploymentPostprocessing = 0;
		};
/* End PBXSourcesBuildPhase section */

/* Begin PBXTargetDependency section */
		BE6F86DC27B1C9F3008D91EC /* PBXTargetDependency */ = {
			isa = PBXTargetDependency;
			target = BE7CC45A271E6DDC003C6280 /* Cards */;
			targetProxy = BE6F86DB27B1C9F3008D91EC /* PBXContainerItemProxy */;
		};
/* End PBXTargetDependency section */

/* Begin PBXVariantGroup section */
		BE7CC464271E6DDC003C6280 /* Main.storyboard */ = {
			isa = PBXVariantGroup;
			children = (
				BE7CC465271E6DDC003C6280 /* Base */,
			);
			name = Main.storyboard;
			sourceTree = "<group>";
		};
		BE7CC469271E6DDE003C6280 /* LaunchScreen.storyboard */ = {
			isa = PBXVariantGroup;
			children = (
				BE7CC46A271E6DDE003C6280 /* Base */,
			);
			name = LaunchScreen.storyboard;
			sourceTree = "<group>";
		};
/* End PBXVariantGroup section */

/* Begin XCBuildConfiguration section */
		BE6F86DD27B1C9F3008D91EC /* Debug */ = {
			isa = XCBuildConfiguration;
			buildSettings = {
				BUNDLE_LOADER = "$(TEST_HOST)";
				CLANG_CXX_LANGUAGE_STANDARD = "gnu++17";
				CODE_SIGN_STYLE = Automatic;
				CURRENT_PROJECT_VERSION = 1;
				DEVELOPMENT_TEAM = AK4J8H6K7D;
				GENERATE_INFOPLIST_FILE = YES;
				IPHONEOS_DEPLOYMENT_TARGET = 15.0;
				LD_RUNPATH_SEARCH_PATHS = (
					"$(inherited)",
					"@executable_path/Frameworks",
					"@loader_path/Frameworks",
				);
				MARKETING_VERSION = 1.0;
				PRODUCT_BUNDLE_IDENTIFIER = com.kotsan777.CardsTests;
				PRODUCT_NAME = "$(TARGET_NAME)";
				SWIFT_EMIT_LOC_STRINGS = NO;
				SWIFT_VERSION = 5.0;
				TARGETED_DEVICE_FAMILY = "1,2";
				TEST_HOST = "$(BUILT_PRODUCTS_DIR)/Cards.app/Cards";
			};
			name = Debug;
		};
		BE6F86DE27B1C9F3008D91EC /* Release */ = {
			isa = XCBuildConfiguration;
			buildSettings = {
				BUNDLE_LOADER = "$(TEST_HOST)";
				CLANG_CXX_LANGUAGE_STANDARD = "gnu++17";
				CODE_SIGN_STYLE = Automatic;
				CURRENT_PROJECT_VERSION = 1;
				DEVELOPMENT_TEAM = AK4J8H6K7D;
				GENERATE_INFOPLIST_FILE = YES;
				IPHONEOS_DEPLOYMENT_TARGET = 15.0;
				LD_RUNPATH_SEARCH_PATHS = (
					"$(inherited)",
					"@executable_path/Frameworks",
					"@loader_path/Frameworks",
				);
				MARKETING_VERSION = 1.0;
				PRODUCT_BUNDLE_IDENTIFIER = com.kotsan777.CardsTests;
				PRODUCT_NAME = "$(TARGET_NAME)";
				SWIFT_EMIT_LOC_STRINGS = NO;
				SWIFT_VERSION = 5.0;
				TARGETED_DEVICE_FAMILY = "1,2";
				TEST_HOST = "$(BUILT_PRODUCTS_DIR)/Cards.app/Cards";
			};
			name = Release;
		};
		BE7CC46D271E6DDE003C6280 /* Debug */ = {
			isa = XCBuildConfiguration;
			buildSettings = {
				ALWAYS_SEARCH_USER_PATHS = NO;
				CLANG_ANALYZER_NONNULL = YES;
				CLANG_ANALYZER_NUMBER_OBJECT_CONVERSION = YES_AGGRESSIVE;
				CLANG_CXX_LANGUAGE_STANDARD = "gnu++14";
				CLANG_CXX_LIBRARY = "libc++";
				CLANG_ENABLE_MODULES = YES;
				CLANG_ENABLE_OBJC_ARC = YES;
				CLANG_ENABLE_OBJC_WEAK = YES;
				CLANG_WARN_BLOCK_CAPTURE_AUTORELEASING = YES;
				CLANG_WARN_BOOL_CONVERSION = YES;
				CLANG_WARN_COMMA = YES;
				CLANG_WARN_CONSTANT_CONVERSION = YES;
				CLANG_WARN_DEPRECATED_OBJC_IMPLEMENTATIONS = YES;
				CLANG_WARN_DIRECT_OBJC_ISA_USAGE = YES_ERROR;
				CLANG_WARN_DOCUMENTATION_COMMENTS = YES;
				CLANG_WARN_EMPTY_BODY = YES;
				CLANG_WARN_ENUM_CONVERSION = YES;
				CLANG_WARN_INFINITE_RECURSION = YES;
				CLANG_WARN_INT_CONVERSION = YES;
				CLANG_WARN_NON_LITERAL_NULL_CONVERSION = YES;
				CLANG_WARN_OBJC_IMPLICIT_RETAIN_SELF = YES;
				CLANG_WARN_OBJC_LITERAL_CONVERSION = YES;
				CLANG_WARN_OBJC_ROOT_CLASS = YES_ERROR;
				CLANG_WARN_QUOTED_INCLUDE_IN_FRAMEWORK_HEADER = YES;
				CLANG_WARN_RANGE_LOOP_ANALYSIS = YES;
				CLANG_WARN_STRICT_PROTOTYPES = YES;
				CLANG_WARN_SUSPICIOUS_MOVE = YES;
				CLANG_WARN_UNGUARDED_AVAILABILITY = YES_AGGRESSIVE;
				CLANG_WARN_UNREACHABLE_CODE = YES;
				CLANG_WARN__DUPLICATE_METHOD_MATCH = YES;
				COPY_PHASE_STRIP = NO;
				DEBUG_INFORMATION_FORMAT = dwarf;
				ENABLE_STRICT_OBJC_MSGSEND = YES;
				ENABLE_TESTABILITY = YES;
				GCC_C_LANGUAGE_STANDARD = gnu11;
				GCC_DYNAMIC_NO_PIC = NO;
				GCC_NO_COMMON_BLOCKS = YES;
				GCC_OPTIMIZATION_LEVEL = 0;
				GCC_PREPROCESSOR_DEFINITIONS = (
					"DEBUG=1",
					"$(inherited)",
				);
				GCC_WARN_64_TO_32_BIT_CONVERSION = YES;
				GCC_WARN_ABOUT_RETURN_TYPE = YES_ERROR;
				GCC_WARN_UNDECLARED_SELECTOR = YES;
				GCC_WARN_UNINITIALIZED_AUTOS = YES_AGGRESSIVE;
				GCC_WARN_UNUSED_FUNCTION = YES;
				GCC_WARN_UNUSED_VARIABLE = YES;
				IPHONEOS_DEPLOYMENT_TARGET = 14.5;
				MTL_ENABLE_DEBUG_INFO = INCLUDE_SOURCE;
				MTL_FAST_MATH = YES;
				ONLY_ACTIVE_ARCH = YES;
				SDKROOT = iphoneos;
				SWIFT_ACTIVE_COMPILATION_CONDITIONS = DEBUG;
				SWIFT_OPTIMIZATION_LEVEL = "-Onone";
			};
			name = Debug;
		};
		BE7CC46E271E6DDE003C6280 /* Release */ = {
			isa = XCBuildConfiguration;
			buildSettings = {
				ALWAYS_SEARCH_USER_PATHS = NO;
				CLANG_ANALYZER_NONNULL = YES;
				CLANG_ANALYZER_NUMBER_OBJECT_CONVERSION = YES_AGGRESSIVE;
				CLANG_CXX_LANGUAGE_STANDARD = "gnu++14";
				CLANG_CXX_LIBRARY = "libc++";
				CLANG_ENABLE_MODULES = YES;
				CLANG_ENABLE_OBJC_ARC = YES;
				CLANG_ENABLE_OBJC_WEAK = YES;
				CLANG_WARN_BLOCK_CAPTURE_AUTORELEASING = YES;
				CLANG_WARN_BOOL_CONVERSION = YES;
				CLANG_WARN_COMMA = YES;
				CLANG_WARN_CONSTANT_CONVERSION = YES;
				CLANG_WARN_DEPRECATED_OBJC_IMPLEMENTATIONS = YES;
				CLANG_WARN_DIRECT_OBJC_ISA_USAGE = YES_ERROR;
				CLANG_WARN_DOCUMENTATION_COMMENTS = YES;
				CLANG_WARN_EMPTY_BODY = YES;
				CLANG_WARN_ENUM_CONVERSION = YES;
				CLANG_WARN_INFINITE_RECURSION = YES;
				CLANG_WARN_INT_CONVERSION = YES;
				CLANG_WARN_NON_LITERAL_NULL_CONVERSION = YES;
				CLANG_WARN_OBJC_IMPLICIT_RETAIN_SELF = YES;
				CLANG_WARN_OBJC_LITERAL_CONVERSION = YES;
				CLANG_WARN_OBJC_ROOT_CLASS = YES_ERROR;
				CLANG_WARN_QUOTED_INCLUDE_IN_FRAMEWORK_HEADER = YES;
				CLANG_WARN_RANGE_LOOP_ANALYSIS = YES;
				CLANG_WARN_STRICT_PROTOTYPES = YES;
				CLANG_WARN_SUSPICIOUS_MOVE = YES;
				CLANG_WARN_UNGUARDED_AVAILABILITY = YES_AGGRESSIVE;
				CLANG_WARN_UNREACHABLE_CODE = YES;
				CLANG_WARN__DUPLICATE_METHOD_MATCH = YES;
				COPY_PHASE_STRIP = NO;
				DEBUG_INFORMATION_FORMAT = "dwarf-with-dsym";
				ENABLE_NS_ASSERTIONS = NO;
				ENABLE_STRICT_OBJC_MSGSEND = YES;
				GCC_C_LANGUAGE_STANDARD = gnu11;
				GCC_NO_COMMON_BLOCKS = YES;
				GCC_WARN_64_TO_32_BIT_CONVERSION = YES;
				GCC_WARN_ABOUT_RETURN_TYPE = YES_ERROR;
				GCC_WARN_UNDECLARED_SELECTOR = YES;
				GCC_WARN_UNINITIALIZED_AUTOS = YES_AGGRESSIVE;
				GCC_WARN_UNUSED_FUNCTION = YES;
				GCC_WARN_UNUSED_VARIABLE = YES;
				IPHONEOS_DEPLOYMENT_TARGET = 14.5;
				MTL_ENABLE_DEBUG_INFO = NO;
				MTL_FAST_MATH = YES;
				SDKROOT = iphoneos;
				SWIFT_COMPILATION_MODE = wholemodule;
				SWIFT_OPTIMIZATION_LEVEL = "-O";
				VALIDATE_PRODUCT = YES;
			};
			name = Release;
		};
		BE7CC470271E6DDE003C6280 /* Debug */ = {
			isa = XCBuildConfiguration;
			buildSettings = {
				ASSETCATALOG_COMPILER_APPICON_NAME = AppIcon;
				ASSETCATALOG_COMPILER_GLOBAL_ACCENT_COLOR_NAME = AccentColor;
				ASSETCATALOG_COMPILER_INCLUDE_ALL_APPICON_ASSETS = NO;
				CODE_SIGN_STYLE = Automatic;
				DEVELOPMENT_TEAM = AK4J8H6K7D;
				INFOPLIST_FILE = Cards/Info.plist;
				IPHONEOS_DEPLOYMENT_TARGET = 15.0;
				LD_RUNPATH_SEARCH_PATHS = (
					"$(inherited)",
					"@executable_path/Frameworks",
				);
				PRODUCT_BUNDLE_IDENTIFIER = com.kotsan777.Cards;
				PRODUCT_NAME = "$(TARGET_NAME)";
				SWIFT_VERSION = 5.0;
				TARGETED_DEVICE_FAMILY = "1,2";
			};
			name = Debug;
		};
		BE7CC471271E6DDE003C6280 /* Release */ = {
			isa = XCBuildConfiguration;
			buildSettings = {
				ASSETCATALOG_COMPILER_APPICON_NAME = AppIcon;
				ASSETCATALOG_COMPILER_GLOBAL_ACCENT_COLOR_NAME = AccentColor;
				ASSETCATALOG_COMPILER_INCLUDE_ALL_APPICON_ASSETS = NO;
				CODE_SIGN_STYLE = Automatic;
				DEVELOPMENT_TEAM = AK4J8H6K7D;
				INFOPLIST_FILE = Cards/Info.plist;
				IPHONEOS_DEPLOYMENT_TARGET = 15.0;
				LD_RUNPATH_SEARCH_PATHS = (
					"$(inherited)",
					"@executable_path/Frameworks",
				);
				PRODUCT_BUNDLE_IDENTIFIER = com.kotsan777.Cards;
				PRODUCT_NAME = "$(TARGET_NAME)";
				SWIFT_VERSION = 5.0;
				TARGETED_DEVICE_FAMILY = "1,2";
			};
			name = Release;
		};
/* End XCBuildConfiguration section */

/* Begin XCConfigurationList section */
		BE6F86DF27B1C9F3008D91EC /* Build configuration list for PBXNativeTarget "CardsTests" */ = {
			isa = XCConfigurationList;
			buildConfigurations = (
				BE6F86DD27B1C9F3008D91EC /* Debug */,
				BE6F86DE27B1C9F3008D91EC /* Release */,
			);
			defaultConfigurationIsVisible = 0;
			defaultConfigurationName = Release;
		};
		BE7CC456271E6DDC003C6280 /* Build configuration list for PBXProject "Cards" */ = {
			isa = XCConfigurationList;
			buildConfigurations = (
				BE7CC46D271E6DDE003C6280 /* Debug */,
				BE7CC46E271E6DDE003C6280 /* Release */,
			);
			defaultConfigurationIsVisible = 0;
			defaultConfigurationName = Release;
		};
		BE7CC46F271E6DDE003C6280 /* Build configuration list for PBXNativeTarget "Cards" */ = {
			isa = XCConfigurationList;
			buildConfigurations = (
				BE7CC470271E6DDE003C6280 /* Debug */,
				BE7CC471271E6DDE003C6280 /* Release */,
			);
			defaultConfigurationIsVisible = 0;
			defaultConfigurationName = Release;
		};
/* End XCConfigurationList section */
	};
	rootObject = BE7CC453271E6DDC003C6280 /* Project object */;
}
